{
  "originHash" : "6089e0fd6a2666a486e85d808f469d8aa9c794fe8d8c47bc71ecac0e58d44d53",
  "pins" : [
    {
      "identity" : "otislogmanagerlibrary",
      "kind" : "remoteSourceControl",
      "location" : "https://github.com/1domybest/OtisLogManagerLibrary",
      "state" : {
        "revision" : "b1d61b7a545d7c5593cd91fe93caed2e96022c76",
        "version" : "1.0.1"
      }
    }
  ],
  "version" : 3
}
